{
	"name": "@vue-space/core",
	"version": "0.0.1-alpha.2",
	"lockfileVersion": 1,
	"requires": true,
	"dependencies": {
		"@vue/composition-api": {
			"version": "0.3.4",
			"resolved": "https://registry.npm.taobao.org/@vue/composition-api/download/@vue/composition-api-0.3.4.tgz",
			"integrity": "sha1-Q9LDN3Fzz+HQLlHjNCvPD73pxLY=",
			"requires": {
				"tslib": "^1.9.3"
			}
		},
		"tslib": {
			"version": "1.10.0",
			"resolved": "https://registry.npm.taobao.org/tslib/download/tslib-1.10.0.tgz",
			"integrity": "sha1-w8GflZc/sKYpc/sJ2Q2WHuQ+XIo="
		},
		"vue": {
			"version": "2.6.11",
			"resolved": "https://registry.npm.taobao.org/vue/download/vue-2.6.11.tgz",
			"integrity": "sha1-dllNh31LEiNEBuhONSdcbVFBJcU="
		},
		"vue-functional-data-merge": {
			"version": "3.1.0",
			"resolved": "https://registry.npm.taobao.org/vue-functional-data-merge/download/vue-functional-data-merge-3.1.0.tgz",
			"integrity": "sha1-CKd5dYO381aAWH+KHVHXKaodxlc="
		}
	}
}
